
Microsoft Visual Studio Solution File, Format Version 12.00
# Visual Studio Version 17
VisualStudioVersion = 17.14.36408.4 d17.14
MinimumVisualStudioVersion = 10.0.40219.1
Project("{FAE04EC0-301F-11D3-BF4B-00C04F79EFBC}") = "PostManager.API", "PostManager.API\PostManager.API.csproj", "{8875D880-CEDA-4DAD-9F27-7E1508D20118}"
EndProject
Global
	GlobalSection(SolutionConfigurationPlatforms) = preSolution
		Debug|Any CPU = Debug|Any CPU
		Release|Any CPU = Release|Any CPU
	EndGlobalSection
	GlobalSection(ProjectConfigurationPlatforms) = postSolution
		{8875D880-CEDA-4DAD-9F27-7E1508D20118}.Debug|Any CPU.ActiveCfg = Debug|Any CPU
		{8875D880-CEDA-4DAD-9F27-7E1508D20118}.Debug|Any CPU.Build.0 = Debug|Any CPU
		{8875D880-CEDA-4DAD-9F27-7E1508D20118}.Release|Any CPU.ActiveCfg = Release|Any CPU
		{8875D880-CEDA-4DAD-9F27-7E1508D20118}.Release|Any CPU.Build.0 = Release|Any CPU
	EndGlobalSection
	GlobalSection(SolutionProperties) = preSolution
		HideSolutionNode = FALSE
	EndGlobalSection
	GlobalSection(ExtensibilityGlobals) = postSolution
		SolutionGuid = {31EB25C4-5455-4F58-9CA1-0F8A43FE1EDE}
	EndGlobalSection
EndGlobal
